// !$*UTF8*$!
{
	archiveVersion = 1;
	classes = {
	};
	objectVersion = 46;
	objects = {

/* Begin PBXBuildFile section */
		50383B471B49518800FEB2B7 /* CKContainer+Operations.m in Sources */ = {isa = PBXBuildFile; fileRef = 50383B261B49518800FEB2B7 /* CKContainer+Operations.m */; };
		50383B481B49518800FEB2B7 /* NSOperation+Advanced.m in Sources */ = {isa = PBXBuildFile; fileRef = 50383B281B49518800FEB2B7 /* NSOperation+Advanced.m */; };
		50383B491B49518800FEB2B7 /* KADCloudKitCondition.m in Sources */ = {isa = PBXBuildFile; fileRef = 50383B2B1B49518800FEB2B7 /* KADCloudKitCondition.m */; };
		50383B4A1B49518800FEB2B7 /* KADMutualExclusive.m in Sources */ = {isa = PBXBuildFile; fileRef = 50383B2D1B49518800FEB2B7 /* KADMutualExclusive.m */; };
		50383B4B1B49518800FEB2B7 /* KADOperationConditionResult.m in Sources */ = {isa = PBXBuildFile; fileRef = 50383B301B49518800FEB2B7 /* KADOperationConditionResult.m */; };
		50383B4C1B49518800FEB2B7 /* KADReachabilityCondition.m in Sources */ = {isa = PBXBuildFile; fileRef = 50383B321B49518800FEB2B7 /* KADReachabilityCondition.m */; };
		50383B4D1B49518800FEB2B7 /* KADRemoteNotificationsCondition.m in Sources */ = {isa = PBXBuildFile; fileRef = 50383B341B49518800FEB2B7 /* KADRemoteNotificationsCondition.m */; };
		50383B4E1B49518800FEB2B7 /* NSError+KADOperationErrors.m in Sources */ = {isa = PBXBuildFile; fileRef = 50383B361B49518800FEB2B7 /* NSError+KADOperationErrors.m */; };
		50383B4F1B49518800FEB2B7 /* KADBlockObserver.m in Sources */ = {isa = PBXBuildFile; fileRef = 50383B391B49518800FEB2B7 /* KADBlockObserver.m */; };
		50383B501B49518800FEB2B7 /* KADExclusivityController.m in Sources */ = {isa = PBXBuildFile; fileRef = 50383B3D1B49518800FEB2B7 /* KADExclusivityController.m */; };
		50383B511B49518800FEB2B7 /* KADOperationQueue.m in Sources */ = {isa = PBXBuildFile; fileRef = 50383B3F1B49518800FEB2B7 /* KADOperationQueue.m */; };
		50383B521B49518800FEB2B7 /* KADBlockOperation.m in Sources */ = {isa = PBXBuildFile; fileRef = 50383B421B49518800FEB2B7 /* KADBlockOperation.m */; };
		50383B531B49518800FEB2B7 /* KADGroupOperation.m in Sources */ = {isa = PBXBuildFile; fileRef = 50383B441B49518800FEB2B7 /* KADGroupOperation.m */; };
		50383B541B49518800FEB2B7 /* KADOperation.m in Sources */ = {isa = PBXBuildFile; fileRef = 50383B461B49518800FEB2B7 /* KADOperation.m */; };
		50383B571B49713500FEB2B7 /* KADBackgroundObserver.m in Sources */ = {isa = PBXBuildFile; fileRef = 50383B561B49713500FEB2B7 /* KADBackgroundObserver.m */; };
		50E34C351B4423C4002DD412 /* main.m in Sources */ = {isa = PBXBuildFile; fileRef = 50E34C341B4423C4002DD412 /* main.m */; };
		50E34C381B4423C4002DD412 /* AppDelegate.m in Sources */ = {isa = PBXBuildFile; fileRef = 50E34C371B4423C4002DD412 /* AppDelegate.m */; };
		50E34C3B1B4423C4002DD412 /* ViewController.m in Sources */ = {isa = PBXBuildFile; fileRef = 50E34C3A1B4423C4002DD412 /* ViewController.m */; };
		50E34C3E1B4423C4002DD412 /* Main.storyboard in Resources */ = {isa = PBXBuildFile; fileRef = 50E34C3C1B4423C4002DD412 /* Main.storyboard */; };
		50E34C401B4423C4002DD412 /* Images.xcassets in Resources */ = {isa = PBXBuildFile; fileRef = 50E34C3F1B4423C4002DD412 /* Images.xcassets */; };
		50E34C431B4423C4002DD412 /* LaunchScreen.xib in Resources */ = {isa = PBXBuildFile; fileRef = 50E34C411B4423C4002DD412 /* LaunchScreen.xib */; };
		50E34C4F1B4423C4002DD412 /* AdvancedNSOperationTests.m in Sources */ = {isa = PBXBuildFile; fileRef = 50E34C4E1B4423C4002DD412 /* AdvancedNSOperationTests.m */; };
/* End PBXBuildFile section */

/* Begin PBXContainerItemProxy section */
		50E34C491B4423C4002DD412 /* PBXContainerItemProxy */ = {
			isa = PBXContainerItemProxy;
			containerPortal = 50E34C271B4423C4002DD412 /* Project object */;
			proxyType = 1;
			remoteGlobalIDString = 50E34C2E1B4423C4002DD412;
			remoteInfo = AdvancedNSOperation;
		};
/* End PBXContainerItemProxy section */

/* Begin PBXFileReference section */
		50383B251B49518800FEB2B7 /* CKContainer+Operations.h */ = {isa = PBXFileReference; fileEncoding = 4; lastKnownFileType = sourcecode.c.h; path = "CKContainer+Operations.h"; sourceTree = "<group>"; };
		50383B261B49518800FEB2B7 /* CKContainer+Operations.m */ = {isa = PBXFileReference; fileEncoding = 4; lastKnownFileType = sourcecode.c.objc; path = "CKContainer+Operations.m"; sourceTree = "<group>"; };
		50383B271B49518800FEB2B7 /* NSOperation+Advanced.h */ = {isa = PBXFileReference; fileEncoding = 4; lastKnownFileType = sourcecode.c.h; path = "NSOperation+Advanced.h"; sourceTree = "<group>"; };
		50383B281B49518800FEB2B7 /* NSOperation+Advanced.m */ = {isa = PBXFileReference; fileEncoding = 4; lastKnownFileType = sourcecode.c.objc; path = "NSOperation+Advanced.m"; sourceTree = "<group>"; };
		50383B2A1B49518800FEB2B7 /* KADCloudKitCondition.h */ = {isa = PBXFileReference; fileEncoding = 4; lastKnownFileType = sourcecode.c.h; path = KADCloudKitCondition.h; sourceTree = "<group>"; };
		50383B2B1B49518800FEB2B7 /* KADCloudKitCondition.m */ = {isa = PBXFileReference; fileEncoding = 4; lastKnownFileType = sourcecode.c.objc; path = KADCloudKitCondition.m; sourceTree = "<group>"; };
		50383B2C1B49518800FEB2B7 /* KADMutualExclusive.h */ = {isa = PBXFileReference; fileEncoding = 4; lastKnownFileType = sourcecode.c.h; path = KADMutualExclusive.h; sourceTree = "<group>"; };
		50383B2D1B49518800FEB2B7 /* KADMutualExclusive.m */ = {isa = PBXFileReference; fileEncoding = 4; lastKnownFileType = sourcecode.c.objc; path = KADMutualExclusive.m; sourceTree = "<group>"; };
		50383B2E1B49518800FEB2B7 /* KADOperationCondition.h */ = {isa = PBXFileReference; fileEncoding = 4; lastKnownFileType = sourcecode.c.h; path = KADOperationCondition.h; sourceTree = "<group>"; };
		50383B2F1B49518800FEB2B7 /* KADOperationConditionResult.h */ = {isa = PBXFileReference; fileEncoding = 4; lastKnownFileType = sourcecode.c.h; path = KADOperationConditionResult.h; sourceTree = "<group>"; };
		50383B301B49518800FEB2B7 /* KADOperationConditionResult.m */ = {isa = PBXFileReference; fileEncoding = 4; lastKnownFileType = sourcecode.c.objc; path = KADOperationConditionResult.m; sourceTree = "<group>"; };
		50383B311B49518800FEB2B7 /* KADReachabilityCondition.h */ = {isa = PBXFileReference; fileEncoding = 4; lastKnownFileType = sourcecode.c.h; path = KADReachabilityCondition.h; sourceTree = "<group>"; };
		50383B321B49518800FEB2B7 /* KADReachabilityCondition.m */ = {isa = PBXFileReference; fileEncoding = 4; lastKnownFileType = sourcecode.c.objc; path = KADReachabilityCondition.m; sourceTree = "<group>"; };
		50383B331B49518800FEB2B7 /* KADRemoteNotificationsCondition.h */ = {isa = PBXFileReference; fileEncoding = 4; lastKnownFileType = sourcecode.c.h; path = KADRemoteNotificationsCondition.h; sourceTree = "<group>"; };
		50383B341B49518800FEB2B7 /* KADRemoteNotificationsCondition.m */ = {isa = PBXFileReference; fileEncoding = 4; lastKnownFileType = sourcecode.c.objc; path = KADRemoteNotificationsCondition.m; sourceTree = "<group>"; };
		50383B351B49518800FEB2B7 /* NSError+KADOperationErrors.h */ = {isa = PBXFileReference; fileEncoding = 4; lastKnownFileType = sourcecode.c.h; path = "NSError+KADOperationErrors.h"; sourceTree = "<group>"; };
		50383B361B49518800FEB2B7 /* NSError+KADOperationErrors.m */ = {isa = PBXFileReference; fileEncoding = 4; lastKnownFileType = sourcecode.c.objc; path = "NSError+KADOperationErrors.m"; sourceTree = "<group>"; };
		50383B381B49518800FEB2B7 /* KADBlockObserver.h */ = {isa = PBXFileReference; fileEncoding = 4; lastKnownFileType = sourcecode.c.h; path = KADBlockObserver.h; sourceTree = "<group>"; };
		50383B391B49518800FEB2B7 /* KADBlockObserver.m */ = {isa = PBXFileReference; fileEncoding = 4; lastKnownFileType = sourcecode.c.objc; path = KADBlockObserver.m; sourceTree = "<group>"; };
		50383B3A1B49518800FEB2B7 /* KADOperationObserver.h */ = {isa = PBXFileReference; fileEncoding = 4; lastKnownFileType = sourcecode.c.h; path = KADOperationObserver.h; sourceTree = "<group>"; };
		50383B3C1B49518800FEB2B7 /* KADExclusivityController.h */ = {isa = PBXFileReference; fileEncoding = 4; lastKnownFileType = sourcecode.c.h; path = KADExclusivityController.h; sourceTree = "<group>"; };
		50383B3D1B49518800FEB2B7 /* KADExclusivityController.m */ = {isa = PBXFileReference; fileEncoding = 4; lastKnownFileType = sourcecode.c.objc; path = KADExclusivityController.m; sourceTree = "<group>"; };
		50383B3E1B49518800FEB2B7 /* KADOperationQueue.h */ = {isa = PBXFileReference; fileEncoding = 4; lastKnownFileType = sourcecode.c.h; path = KADOperationQueue.h; sourceTree = "<group>"; };
		50383B3F1B49518800FEB2B7 /* KADOperationQueue.m */ = {isa = PBXFileReference; fileEncoding = 4; lastKnownFileType = sourcecode.c.objc; path = KADOperationQueue.m; sourceTree = "<group>"; };
		50383B411B49518800FEB2B7 /* KADBlockOperation.h */ = {isa = PBXFileReference; fileEncoding = 4; lastKnownFileType = sourcecode.c.h; path = KADBlockOperation.h; sourceTree = "<group>"; };
		50383B421B49518800FEB2B7 /* KADBlockOperation.m */ = {isa = PBXFileReference; fileEncoding = 4; lastKnownFileType = sourcecode.c.objc; path = KADBlockOperation.m; sourceTree = "<group>"; };
		50383B431B49518800FEB2B7 /* KADGroupOperation.h */ = {isa = PBXFileReference; fileEncoding = 4; lastKnownFileType = sourcecode.c.h; path = KADGroupOperation.h; sourceTree = "<group>"; };
		50383B441B49518800FEB2B7 /* KADGroupOperation.m */ = {isa = PBXFileReference; fileEncoding = 4; lastKnownFileType = sourcecode.c.objc; path = KADGroupOperation.m; sourceTree = "<group>"; };
		50383B451B49518800FEB2B7 /* KADOperation.h */ = {isa = PBXFileReference; fileEncoding = 4; lastKnownFileType = sourcecode.c.h; path = KADOperation.h; sourceTree = "<group>"; };
		50383B461B49518800FEB2B7 /* KADOperation.m */ = {isa = PBXFileReference; fileEncoding = 4; lastKnownFileType = sourcecode.c.objc; path = KADOperation.m; sourceTree = "<group>"; };
		50383B551B49713500FEB2B7 /* KADBackgroundObserver.h */ = {isa = PBXFileReference; fileEncoding = 4; lastKnownFileType = sourcecode.c.h; path = KADBackgroundObserver.h; sourceTree = "<group>"; };
		50383B561B49713500FEB2B7 /* KADBackgroundObserver.m */ = {isa = PBXFileReference; fileEncoding = 4; lastKnownFileType = sourcecode.c.objc; path = KADBackgroundObserver.m; sourceTree = "<group>"; };
		50E34C2F1B4423C4002DD412 /* AdvancedNSOperation.app */ = {isa = PBXFileReference; explicitFileType = wrapper.application; includeInIndex = 0; path = AdvancedNSOperation.app; sourceTree = BUILT_PRODUCTS_DIR; };
		50E34C331B4423C4002DD412 /* Info.plist */ = {isa = PBXFileReference; lastKnownFileType = text.plist.xml; path = Info.plist; sourceTree = "<group>"; };
		50E34C341B4423C4002DD412 /* main.m */ = {isa = PBXFileReference; lastKnownFileType = sourcecode.c.objc; path = main.m; sourceTree = "<group>"; };
		50E34C361B4423C4002DD412 /* AppDelegate.h */ = {isa = PBXFileReference; lastKnownFileType = sourcecode.c.h; path = AppDelegate.h; sourceTree = "<group>"; };
		50E34C371B4423C4002DD412 /* AppDelegate.m */ = {isa = PBXFileReference; lastKnownFileType = sourcecode.c.objc; path = AppDelegate.m; sourceTree = "<group>"; };
		50E34C391B4423C4002DD412 /* ViewController.h */ = {isa = PBXFileReference; lastKnownFileType = sourcecode.c.h; path = ViewController.h; sourceTree = "<group>"; };
		50E34C3A1B4423C4002DD412 /* ViewController.m */ = {isa = PBXFileReference; lastKnownFileType = sourcecode.c.objc; path = ViewController.m; sourceTree = "<group>"; };
		50E34C3D1B4423C4002DD412 /* Base */ = {isa = PBXFileReference; lastKnownFileType = file.storyboard; name = Base; path = Base.lproj/Main.storyboard; sourceTree = "<group>"; };
		50E34C3F1B4423C4002DD412 /* Images.xcassets */ = {isa = PBXFileReference; lastKnownFileType = folder.assetcatalog; path = Images.xcassets; sourceTree = "<group>"; };
		50E34C421B4423C4002DD412 /* Base */ = {isa = PBXFileReference; lastKnownFileType = file.xib; name = Base; path = Base.lproj/LaunchScreen.xib; sourceTree = "<group>"; };
		50E34C481B4423C4002DD412 /* AdvancedNSOperationTests.xctest */ = {isa = PBXFileReference; explicitFileType = wrapper.cfbundle; includeInIndex = 0; path = AdvancedNSOperationTests.xctest; sourceTree = BUILT_PRODUCTS_DIR; };
		50E34C4D1B4423C4002DD412 /* Info.plist */ = {isa = PBXFileReference; lastKnownFileType = text.plist.xml; path = Info.plist; sourceTree = "<group>"; };
		50E34C4E1B4423C4002DD412 /* AdvancedNSOperationTests.m */ = {isa = PBXFileReference; lastKnownFileType = sourcecode.c.objc; path = AdvancedNSOperationTests.m; sourceTree = "<group>"; };
/* End PBXFileReference section */

/* Begin PBXFrameworksBuildPhase section */
		50E34C2C1B4423C4002DD412 /* Frameworks */ = {
			isa = PBXFrameworksBuildPhase;
			buildActionMask = 2147483647;
			files = (
			);
			runOnlyForDeploymentPostprocessing = 0;
		};
		50E34C451B4423C4002DD412 /* Frameworks */ = {
			isa = PBXFrameworksBuildPhase;
			buildActionMask = 2147483647;
			files = (
			);
			runOnlyForDeploymentPostprocessing = 0;
		};
/* End PBXFrameworksBuildPhase section */

/* Begin PBXGroup section */
		50383B241B49518800FEB2B7 /* Categories */ = {
			isa = PBXGroup;
			children = (
				50383B251B49518800FEB2B7 /* CKContainer+Operations.h */,
				50383B261B49518800FEB2B7 /* CKContainer+Operations.m */,
				50383B271B49518800FEB2B7 /* NSOperation+Advanced.h */,
				50383B281B49518800FEB2B7 /* NSOperation+Advanced.m */,
			);
			name = Categories;
			path = Operations/Categories;
			sourceTree = "<group>";
		};
		50383B291B49518800FEB2B7 /* Conditions */ = {
			isa = PBXGroup;
			children = (
				50383B2A1B49518800FEB2B7 /* KADCloudKitCondition.h */,
				50383B2B1B49518800FEB2B7 /* KADCloudKitCondition.m */,
				50383B2C1B49518800FEB2B7 /* KADMutualExclusive.h */,
				50383B2D1B49518800FEB2B7 /* KADMutualExclusive.m */,
				50383B2E1B49518800FEB2B7 /* KADOperationCondition.h */,
				50383B2F1B49518800FEB2B7 /* KADOperationConditionResult.h */,
				50383B301B49518800FEB2B7 /* KADOperationConditionResult.m */,
				50383B311B49518800FEB2B7 /* KADReachabilityCondition.h */,
				50383B321B49518800FEB2B7 /* KADReachabilityCondition.m */,
				50383B331B49518800FEB2B7 /* KADRemoteNotificationsCondition.h */,
				50383B341B49518800FEB2B7 /* KADRemoteNotificationsCondition.m */,
				50383B351B49518800FEB2B7 /* NSError+KADOperationErrors.h */,
				50383B361B49518800FEB2B7 /* NSError+KADOperationErrors.m */,
			);
			name = Conditions;
			path = Operations/Conditions;
			sourceTree = "<group>";
		};
		50383B371B49518800FEB2B7 /* Observers */ = {
			isa = PBXGroup;
			children = (
				50383B3A1B49518800FEB2B7 /* KADOperationObserver.h */,
				50383B381B49518800FEB2B7 /* KADBlockObserver.h */,
				50383B391B49518800FEB2B7 /* KADBlockObserver.m */,
				50383B551B49713500FEB2B7 /* KADBackgroundObserver.h */,
				50383B561B49713500FEB2B7 /* KADBackgroundObserver.m */,
			);
			name = Observers;
			path = Operations/Observers;
			sourceTree = "<group>";
		};
		50383B3B1B49518800FEB2B7 /* Operation Queue */ = {
			isa = PBXGroup;
			children = (
				50383B3C1B49518800FEB2B7 /* KADExclusivityController.h */,
				50383B3D1B49518800FEB2B7 /* KADExclusivityController.m */,
				50383B3E1B49518800FEB2B7 /* KADOperationQueue.h */,
				50383B3F1B49518800FEB2B7 /* KADOperationQueue.m */,
			);
			name = "Operation Queue";
			path = "Operations/Operation Queue";
			sourceTree = "<group>";
		};
		50383B401B49518800FEB2B7 /* Operations */ = {
			isa = PBXGroup;
			children = (
				50383B451B49518800FEB2B7 /* KADOperation.h */,
				50383B461B49518800FEB2B7 /* KADOperation.m */,
				50383B411B49518800FEB2B7 /* KADBlockOperation.h */,
				50383B421B49518800FEB2B7 /* KADBlockOperation.m */,
				50383B431B49518800FEB2B7 /* KADGroupOperation.h */,
				50383B441B49518800FEB2B7 /* KADGroupOperation.m */,
			);
			name = Operations;
			path = Operations/Operations;
			sourceTree = "<group>";
		};
		50E34C261B4423C4002DD412 = {
			isa = PBXGroup;
			children = (
				50E34C581B4423D0002DD412 /* Operations */,
				50E34C311B4423C4002DD412 /* AdvancedNSOperation */,
				50E34C4B1B4423C4002DD412 /* AdvancedNSOperationTests */,
				50E34C301B4423C4002DD412 /* Products */,
			);
			sourceTree = "<group>";
		};
		50E34C301B4423C4002DD412 /* Products */ = {
			isa = PBXGroup;
			children = (
				50E34C2F1B4423C4002DD412 /* AdvancedNSOperation.app */,
				50E34C481B4423C4002DD412 /* AdvancedNSOperationTests.xctest */,
			);
			name = Products;
			sourceTree = "<group>";
		};
		50E34C311B4423C4002DD412 /* AdvancedNSOperation */ = {
			isa = PBXGroup;
			children = (
				50E34C361B4423C4002DD412 /* AppDelegate.h */,
				50E34C371B4423C4002DD412 /* AppDelegate.m */,
				50E34C391B4423C4002DD412 /* ViewController.h */,
				50E34C3A1B4423C4002DD412 /* ViewController.m */,
				50E34C3C1B4423C4002DD412 /* Main.storyboard */,
				50E34C3F1B4423C4002DD412 /* Images.xcassets */,
				50E34C411B4423C4002DD412 /* LaunchScreen.xib */,
				50E34C321B4423C4002DD412 /* Supporting Files */,
			);
			path = AdvancedNSOperation;
			sourceTree = "<group>";
		};
		50E34C321B4423C4002DD412 /* Supporting Files */ = {
			isa = PBXGroup;
			children = (
				50E34C331B4423C4002DD412 /* Info.plist */,
				50E34C341B4423C4002DD412 /* main.m */,
			);
			name = "Supporting Files";
			sourceTree = "<group>";
		};
		50E34C4B1B4423C4002DD412 /* AdvancedNSOperationTests */ = {
			isa = PBXGroup;
			children = (
				50E34C4E1B4423C4002DD412 /* AdvancedNSOperationTests.m */,
				50E34C4C1B4423C4002DD412 /* Supporting Files */,
			);
			path = AdvancedNSOperationTests;
			sourceTree = "<group>";
		};
		50E34C4C1B4423C4002DD412 /* Supporting Files */ = {
			isa = PBXGroup;
			children = (
				50E34C4D1B4423C4002DD412 /* Info.plist */,
			);
			name = "Supporting Files";
			sourceTree = "<group>";
		};
		50E34C581B4423D0002DD412 /* Operations */ = {
			isa = PBXGroup;
			children = (
				50383B241B49518800FEB2B7 /* Categories */,
				50383B291B49518800FEB2B7 /* Conditions */,
				50383B371B49518800FEB2B7 /* Observers */,
				50383B3B1B49518800FEB2B7 /* Operation Queue */,
				50383B401B49518800FEB2B7 /* Operations */,
			);
			name = Operations;
			sourceTree = "<group>";
		};
/* End PBXGroup section */

/* Begin PBXNativeTarget section */
		50E34C2E1B4423C4002DD412 /* AdvancedNSOperation */ = {
			isa = PBXNativeTarget;
			buildConfigurationList = 50E34C521B4423C4002DD412 /* Build configuration list for PBXNativeTarget "AdvancedNSOperation" */;
			buildPhases = (
				50E34C2B1B4423C4002DD412 /* Sources */,
				50E34C2C1B4423C4002DD412 /* Frameworks */,
				50E34C2D1B4423C4002DD412 /* Resources */,
			);
			buildRules = (
			);
			dependencies = (
			);
			name = AdvancedNSOperation;
			productName = AdvancedNSOperation;
			productReference = 50E34C2F1B4423C4002DD412 /* AdvancedNSOperation.app */;
			productType = "com.apple.product-type.application";
		};
		50E34C471B4423C4002DD412 /* AdvancedNSOperationTests */ = {
			isa = PBXNativeTarget;
			buildConfigurationList = 50E34C551B4423C4002DD412 /* Build configuration list for PBXNativeTarget "AdvancedNSOperationTests" */;
			buildPhases = (
				50E34C441B4423C4002DD412 /* Sources */,
				50E34C451B4423C4002DD412 /* Frameworks */,
				50E34C461B4423C4002DD412 /* Resources */,
			);
			buildRules = (
			);
			dependencies = (
				50E34C4A1B4423C4002DD412 /* PBXTargetDependency */,
			);
			name = AdvancedNSOperationTests;
			productName = AdvancedNSOperationTests;
			productReference = 50E34C481B4423C4002DD412 /* AdvancedNSOperationTests.xctest */;
			productType = "com.apple.product-type.bundle.unit-test";
		};
/* End PBXNativeTarget section */

/* Begin PBXProject section */
		50E34C271B4423C4002DD412 /* Project object */ = {
			isa = PBXProject;
			attributes = {
				LastUpgradeCheck = 0640;
				ORGANIZATIONNAME = "Andrey K.";
				TargetAttributes = {
					50E34C2E1B4423C4002DD412 = {
						CreatedOnToolsVersion = 6.4;
					};
					50E34C471B4423C4002DD412 = {
						CreatedOnToolsVersion = 6.4;
						TestTargetID = 50E34C2E1B4423C4002DD412;
					};
				};
			};
			buildConfigurationList = 50E34C2A1B4423C4002DD412 /* Build configuration list for PBXProject "AdvancedNSOperation" */;
			compatibilityVersion = "Xcode 3.2";
			developmentRegion = English;
			hasScannedForEncodings = 0;
			knownRegions = (
				en,
				Base,
			);
			mainGroup = 50E34C261B4423C4002DD412;
			productRefGroup = 50E34C301B4423C4002DD412 /* Products */;
			projectDirPath = "";
			projectRoot = "";
			targets = (
				50E34C2E1B4423C4002DD412 /* AdvancedNSOperation */,
				50E34C471B4423C4002DD412 /* AdvancedNSOperationTests */,
			);
		};
/* End PBXProject section */

/* Begin PBXResourcesBuildPhase section */
		50E34C2D1B4423C4002DD412 /* Resources */ = {
			isa = PBXResourcesBuildPhase;
			buildActionMask = 2147483647;
			files = (
				50E34C3E1B4423C4002DD412 /* Main.storyboard in Resources */,
				50E34C431B4423C4002DD412 /* LaunchScreen.xib in Resources */,
				50E34C401B4423C4002DD412 /* Images.xcassets in Resources */,
			);
			runOnlyForDeploymentPostprocessing = 0;
		};
		50E34C461B4423C4002DD412 /* Resources */ = {
			isa = PBXResourcesBuildPhase;
			buildActionMask = 2147483647;
			files = (
			);
			runOnlyForDeploymentPostprocessing = 0;
		};
/* End PBXResourcesBuildPhase section */

/* Begin PBXSourcesBuildPhase section */
		50E34C2B1B4423C4002DD412 /* Sources */ = {
			isa = PBXSourcesBuildPhase;
			buildActionMask = 2147483647;
			files = (
				50383B4A1B49518800FEB2B7 /* KADMutualExclusive.m in Sources */,
				50383B4C1B49518800FEB2B7 /* KADReachabilityCondition.m in Sources */,
				50E34C3B1B4423C4002DD412 /* ViewController.m in Sources */,
				50E34C381B4423C4002DD412 /* AppDelegate.m in Sources */,
				50383B481B49518800FEB2B7 /* NSOperation+Advanced.m in Sources */,
				50383B501B49518800FEB2B7 /* KADExclusivityController.m in Sources */,
				50383B4D1B49518800FEB2B7 /* KADRemoteNotificationsCondition.m in Sources */,
				50383B541B49518800FEB2B7 /* KADOperation.m in Sources */,
				50383B571B49713500FEB2B7 /* KADBackgroundObserver.m in Sources */,
				50383B521B49518800FEB2B7 /* KADBlockOperation.m in Sources */,
				50E34C351B4423C4002DD412 /* main.m in Sources */,
				50383B511B49518800FEB2B7 /* KADOperationQueue.m in Sources */,
				50383B471B49518800FEB2B7 /* CKContainer+Operations.m in Sources */,
				50383B4F1B49518800FEB2B7 /* KADBlockObserver.m in Sources */,
				50383B531B49518800FEB2B7 /* KADGroupOperation.m in Sources */,
				50383B491B49518800FEB2B7 /* KADCloudKitCondition.m in Sources */,
				50383B4B1B49518800FEB2B7 /* KADOperationConditionResult.m in Sources */,
				50383B4E1B49518800FEB2B7 /* NSError+KADOperationErrors.m in Sources */,
			);
			runOnlyForDeploymentPostprocessing = 0;
		};
		50E34C441B4423C4002DD412 /* Sources */ = {
			isa = PBXSourcesBuildPhase;
			buildActionMask = 2147483647;
			files = (
				50E34C4F1B4423C4002DD412 /* AdvancedNSOperationTests.m in Sources */,
			);
			runOnlyForDeploymentPostprocessing = 0;
		};
/* End PBXSourcesBuildPhase section */

/* Begin PBXTargetDependency section */
		50E34C4A1B4423C4002DD412 /* PBXTargetDependency */ = {
			isa = PBXTargetDependency;
			target = 50E34C2E1B4423C4002DD412 /* AdvancedNSOperation */;
			targetProxy = 50E34C491B4423C4002DD412 /* PBXContainerItemProxy */;
		};
/* End PBXTargetDependency section */

/* Begin PBXVariantGroup section */
		50E34C3C1B4423C4002DD412 /* Main.storyboard */ = {
			isa = PBXVariantGroup;
			children = (
				50E34C3D1B4423C4002DD412 /* Base */,
			);
			name = Main.storyboard;
			sourceTree = "<group>";
		};
		50E34C411B4423C4002DD412 /* LaunchScreen.xib */ = {
			isa = PBXVariantGroup;
			children = (
				50E34C421B4423C4002DD412 /* Base */,
			);
			name = LaunchScreen.xib;
			sourceTree = "<group>";
		};
/* End PBXVariantGroup section */

/* Begin XCBuildConfiguration section */
		50E34C501B4423C4002DD412 /* Debug */ = {
			isa = XCBuildConfiguration;
			buildSettings = {
				ALWAYS_SEARCH_USER_PATHS = NO;
				CLANG_CXX_LANGUAGE_STANDARD = "gnu++0x";
				CLANG_CXX_LIBRARY = "libc++";
				CLANG_ENABLE_MODULES = YES;
				CLANG_ENABLE_OBJC_ARC = YES;
				CLANG_WARN_BOOL_CONVERSION = YES;
				CLANG_WARN_CONSTANT_CONVERSION = YES;
				CLANG_WARN_DIRECT_OBJC_ISA_USAGE = YES_ERROR;
				CLANG_WARN_EMPTY_BODY = YES;
				CLANG_WARN_ENUM_CONVERSION = YES;
				CLANG_WARN_INT_CONVERSION = YES;
				CLANG_WARN_OBJC_ROOT_CLASS = YES_ERROR;
				CLANG_WARN_UNREACHABLE_CODE = YES;
				CLANG_WARN__DUPLICATE_METHOD_MATCH = YES;
				"CODE_SIGN_IDENTITY[sdk=iphoneos*]" = "iPhone Developer";
				COPY_PHASE_STRIP = NO;
				DEBUG_INFORMATION_FORMAT = "dwarf-with-dsym";
				ENABLE_STRICT_OBJC_MSGSEND = YES;
				GCC_C_LANGUAGE_STANDARD = gnu99;
				GCC_DYNAMIC_NO_PIC = NO;
				GCC_NO_COMMON_BLOCKS = YES;
				GCC_OPTIMIZATION_LEVEL = 0;
				GCC_PREPROCESSOR_DEFINITIONS = (
					"DEBUG=1",
					"$(inherited)",
				);
				GCC_SYMBOLS_PRIVATE_EXTERN = NO;
				GCC_WARN_64_TO_32_BIT_CONVERSION = YES;
				GCC_WARN_ABOUT_RETURN_TYPE = YES_ERROR;
				GCC_WARN_UNDECLARED_SELECTOR = YES;
				GCC_WARN_UNINITIALIZED_AUTOS = YES_AGGRESSIVE;
				GCC_WARN_UNUSED_FUNCTION = YES;
				GCC_WARN_UNUSED_VARIABLE = YES;
				IPHONEOS_DEPLOYMENT_TARGET = 8.4;
				MTL_ENABLE_DEBUG_INFO = YES;
				ONLY_ACTIVE_ARCH = YES;
				SDKROOT = iphoneos;
				TARGETED_DEVICE_FAMILY = "1,2";
			};
			name = Debug;
		};
		50E34C511B4423C4002DD412 /* Release */ = {
			isa = XCBuildConfiguration;
			buildSettings = {
				ALWAYS_SEARCH_USER_PATHS = NO;
				CLANG_CXX_LANGUAGE_STANDARD = "gnu++0x";
				CLANG_CXX_LIBRARY = "libc++";
				CLANG_ENABLE_MODULES = YES;
				CLANG_ENABLE_OBJC_ARC = YES;
				CLANG_WARN_BOOL_CONVERSION = YES;
				CLANG_WARN_CONSTANT_CONVERSION = YES;
				CLANG_WARN_DIRECT_OBJC_ISA_USAGE = YES_ERROR;
				CLANG_WARN_EMPTY_BODY = YES;
				CLANG_WARN_ENUM_CONVERSION = YES;
				CLANG_WARN_INT_CONVERSION = YES;
				CLANG_WARN_OBJC_ROOT_CLASS = YES_ERROR;
				CLANG_WARN_UNREACHABLE_CODE = YES;
				CLANG_WARN__DUPLICATE_METHOD_MATCH = YES;
				"CODE_SIGN_IDENTITY[sdk=iphoneos*]" = "iPhone Developer";
				COPY_PHASE_STRIP = NO;
				DEBUG_INFORMATION_FORMAT = "dwarf-with-dsym";
				ENABLE_NS_ASSERTIONS = NO;
				ENABLE_STRICT_OBJC_MSGSEND = YES;
				GCC_C_LANGUAGE_STANDARD = gnu99;
				GCC_NO_COMMON_BLOCKS = YES;
				GCC_WARN_64_TO_32_BIT_CONVERSION = YES;
				GCC_WARN_ABOUT_RETURN_TYPE = YES_ERROR;
				GCC_WARN_UNDECLARED_SELECTOR = YES;
				GCC_WARN_UNINITIALIZED_AUTOS = YES_AGGRESSIVE;
				GCC_WARN_UNUSED_FUNCTION = YES;
				GCC_WARN_UNUSED_VARIABLE = YES;
				IPHONEOS_DEPLOYMENT_TARGET = 8.4;
				MTL_ENABLE_DEBUG_INFO = NO;
				SDKROOT = iphoneos;
				TARGETED_DEVICE_FAMILY = "1,2";
				VALIDATE_PRODUCT = YES;
			};
			name = Release;
		};
		50E34C531B4423C4002DD412 /* Debug */ = {
			isa = XCBuildConfiguration;
			buildSettings = {
				ASSETCATALOG_COMPILER_APPICON_NAME = AppIcon;
				INFOPLIST_FILE = AdvancedNSOperation/Info.plist;
				LD_RUNPATH_SEARCH_PATHS = "$(inherited) @executable_path/Frameworks";
				PRODUCT_NAME = "$(TARGET_NAME)";
			};
			name = Debug;
		};
		50E34C541B4423C4002DD412 /* Release */ = {
			isa = XCBuildConfiguration;
			buildSettings = {
				ASSETCATALOG_COMPILER_APPICON_NAME = AppIcon;
				INFOPLIST_FILE = AdvancedNSOperation/Info.plist;
				LD_RUNPATH_SEARCH_PATHS = "$(inherited) @executable_path/Frameworks";
				PRODUCT_NAME = "$(TARGET_NAME)";
			};
			name = Release;
		};
		50E34C561B4423C4002DD412 /* Debug */ = {
			isa = XCBuildConfiguration;
			buildSettings = {
				BUNDLE_LOADER = "$(TEST_HOST)";
				FRAMEWORK_SEARCH_PATHS = (
					"$(SDKROOT)/Developer/Library/Frameworks",
					"$(inherited)",
				);
				GCC_PREPROCESSOR_DEFINITIONS = (
					"DEBUG=1",
					"$(inherited)",
				);
				INFOPLIST_FILE = AdvancedNSOperationTests/Info.plist;
				LD_RUNPATH_SEARCH_PATHS = "$(inherited) @executable_path/Frameworks @loader_path/Frameworks";
				PRODUCT_NAME = "$(TARGET_NAME)";
				TEST_HOST = "$(BUILT_PRODUCTS_DIR)/AdvancedNSOperation.app/AdvancedNSOperation";
			};
			name = Debug;
		};
		50E34C571B4423C4002DD412 /* Release */ = {
			isa = XCBuildConfiguration;
			buildSettings = {
				BUNDLE_LOADER = "$(TEST_HOST)";
				FRAMEWORK_SEARCH_PATHS = (
					"$(SDKROOT)/Developer/Library/Frameworks",
					"$(inherited)",
				);
				INFOPLIST_FILE = AdvancedNSOperationTests/Info.plist;
				LD_RUNPATH_SEARCH_PATHS = "$(inherited) @executable_path/Frameworks @loader_path/Frameworks";
				PRODUCT_NAME = "$(TARGET_NAME)";
				TEST_HOST = "$(BUILT_PRODUCTS_DIR)/AdvancedNSOperation.app/AdvancedNSOperation";
			};
			name = Release;
		};
/* End XCBuildConfiguration section */

/* Begin XCConfigurationList section */
		50E34C2A1B4423C4002DD412 /* Build configuration list for PBXProject "AdvancedNSOperation" */ = {
			isa = XCConfigurationList;
			buildConfigurations = (
				50E34C501B4423C4002DD412 /* Debug */,
				50E34C511B4423C4002DD412 /* Release */,
			);
			defaultConfigurationIsVisible = 0;
			defaultConfigurationName = Release;
		};
		50E34C521B4423C4002DD412 /* Build configuration list for PBXNativeTarget "AdvancedNSOperation" */ = {
			isa = XCConfigurationList;
			buildConfigurations = (
				50E34C531B4423C4002DD412 /* Debug */,
				50E34C541B4423C4002DD412 /* Release */,
			);
			defaultConfigurationIsVisible = 0;
			defaultConfigurationName = Release;
		};
		50E34C551B4423C4002DD412 /* Build configuration list for PBXNativeTarget "AdvancedNSOperationTests" */ = {
			isa = XCConfigurationList;
			buildConfigurations = (
				50E34C561B4423C4002DD412 /* Debug */,
				50E34C571B4423C4002DD412 /* Release */,
			);
			defaultConfigurationIsVisible = 0;
			defaultConfigurationName = Release;
		};
/* End XCConfigurationList section */
	};
	rootObject = 50E34C271B4423C4002DD412 /* Project object */;
}
